
Microsoft Visual Studio Solution File, Format Version 12.00
# Visual Studio Version 17
VisualStudioVersion = 17.3.32825.248
MinimumVisualStudioVersion = 10.0.40219.1
Project("{9A19103F-16F7-4668-BE54-9A1E7A4F7556}") = "DataAccess", "DataAccess\DataAccess.csproj", "{9489E923-604F-448D-81F2-9D97C2757582}"
EndProject
Project("{9A19103F-16F7-4668-BE54-9A1E7A4F7556}") = "API", "API\API.csproj", "{C0D17BF5-0789-4336-B5D7-2B05FE6A6CA1}"
EndProject
Global
	GlobalSection(SolutionConfigurationPlatforms) = preSolution
		Debug|Any CPU = Debug|Any CPU
		Release|Any CPU = Release|Any CPU
	EndGlobalSection
	GlobalSection(ProjectConfigurationPlatforms) = postSolution
		{9489E923-604F-448D-81F2-9D97C2757582}.Debug|Any CPU.ActiveCfg = Debug|Any CPU
		{9489E923-604F-448D-81F2-9D97C2757582}.Debug|Any CPU.Build.0 = Debug|Any CPU
		{9489E923-604F-448D-81F2-9D97C2757582}.Release|Any CPU.ActiveCfg = Release|Any CPU
		{9489E923-604F-448D-81F2-9D97C2757582}.Release|Any CPU.Build.0 = Release|Any CPU
		{C0D17BF5-0789-4336-B5D7-2B05FE6A6CA1}.Debug|Any CPU.ActiveCfg = Debug|Any CPU
		{C0D17BF5-0789-4336-B5D7-2B05FE6A6CA1}.Debug|Any CPU.Build.0 = Debug|Any CPU
		{C0D17BF5-0789-4336-B5D7-2B05FE6A6CA1}.Release|Any CPU.ActiveCfg = Release|Any CPU
		{C0D17BF5-0789-4336-B5D7-2B05FE6A6CA1}.Release|Any CPU.Build.0 = Release|Any CPU
	EndGlobalSection
	GlobalSection(SolutionProperties) = preSolution
		HideSolutionNode = FALSE
	EndGlobalSection
	GlobalSection(ExtensibilityGlobals) = postSolution
		SolutionGuid = {9BC8CC70-736B-4DB9-AADC-9582C7282473}
	EndGlobalSection
EndGlobal
