
Microsoft Visual Studio Solution File, Format Version 12.00
# Visual Studio Version 17
VisualStudioVersion = 17.3.32825.248
MinimumVisualStudioVersion = 10.0.40219.1
Project("{FAE04EC0-301F-11D3-BF4B-00C04F79EFBC}") = "API", "API\API.csproj", "{A2AC9727-89D2-4EC5-8BA4-690E3F1C31FB}"
EndProject
Global
	GlobalSection(SolutionConfigurationPlatforms) = preSolution
		Debug|Any CPU = Debug|Any CPU
		Release|Any CPU = Release|Any CPU
	EndGlobalSection
	GlobalSection(ProjectConfigurationPlatforms) = postSolution
		{A2AC9727-89D2-4EC5-8BA4-690E3F1C31FB}.Debug|Any CPU.ActiveCfg = Debug|Any CPU
		{A2AC9727-89D2-4EC5-8BA4-690E3F1C31FB}.Debug|Any CPU.Build.0 = Debug|Any CPU
		{A2AC9727-89D2-4EC5-8BA4-690E3F1C31FB}.Release|Any CPU.ActiveCfg = Release|Any CPU
		{A2AC9727-89D2-4EC5-8BA4-690E3F1C31FB}.Release|Any CPU.Build.0 = Release|Any CPU
	EndGlobalSection
	GlobalSection(SolutionProperties) = preSolution
		HideSolutionNode = FALSE
	EndGlobalSection
	GlobalSection(ExtensibilityGlobals) = postSolution
		SolutionGuid = {9BC8CC70-736B-4DB9-AADC-9582C7282473}
	EndGlobalSection
EndGlobal
